Microsoft Visual Studio Solution File, Format Version 12.00
# Visual Studio Version 17
VisualStudioVersion = 17.5.2.0
MinimumVisualStudioVersion = 10.0.40219.1
Project("{FAE04EC0-301F-11D3-BF4B-00C04F79EFBC}") = "VPT_Learn", "VPT_Learn.csproj", "{5D3A75D1-5A99-FF2A-12A0-E4703C9C593C}"
EndProject
Global
	GlobalSection(SolutionConfigurationPlatforms) = preSolution
		Debug|Any CPU = Debug|Any CPU
		Release|Any CPU = Release|Any CPU
	EndGlobalSection
	GlobalSection(ProjectConfigurationPlatforms) = postSolution
		{5D3A75D1-5A99-FF2A-12A0-E4703C9C593C}.Debug|Any CPU.ActiveCfg = Debug|Any CPU
		{5D3A75D1-5A99-FF2A-12A0-E4703C9C593C}.Debug|Any CPU.Build.0 = Debug|Any CPU
		{5D3A75D1-5A99-FF2A-12A0-E4703C9C593C}.Release|Any CPU.ActiveCfg = Release|Any CPU
		{5D3A75D1-5A99-FF2A-12A0-E4703C9C593C}.Release|Any CPU.Build.0 = Release|Any CPU
	EndGlobalSection
	GlobalSection(SolutionProperties) = preSolution
		HideSolutionNode = FALSE
	EndGlobalSection
	GlobalSection(ExtensibilityGlobals) = postSolution
		SolutionGuid = {B25ED270-7D1E-48B4-86EA-366BC0B57149}
	EndGlobalSection
EndGlobal
